// !$*UTF8*$!
{
	archiveVersion = 1;
	classes = {
	};
	objectVersion = 46;
	objects = {

/* Begin PBXAggregateTarget section */
		4EAC9BDF1D93D8B00078AEDE /* CabBookingOClint */ = {
			isa = PBXAggregateTarget;
			buildConfigurationList = 4EAC9BE21D93D8B10078AEDE /* Build configuration list for PBXAggregateTarget "CabBookingOClint" */;
			buildPhases = (
				4EAC9BE31D93D8DF0078AEDE /* ShellScript */,
			);
			dependencies = (
			);
			name = CabBookingOClint;
			productName = CabBookingOClint;
		};
/* End PBXAggregateTarget section */

/* Begin PBXBuildFile section */
		4E081C291D98D8A400128B29 /* CBButton.m in Sources */ = {isa = PBXBuildFile; fileRef = 4E081C281D98D8A400128B29 /* CBButton.m */; };
		4E2A0F1D1D94CA770069836D /* CBCarDetailView.m in Sources */ = {isa = PBXBuildFile; fileRef = 4E2A0F1C1D94CA770069836D /* CBCarDetailView.m */; };
		4E2A0F201D94CA870069836D /* CBDriverDetailView.m in Sources */ = {isa = PBXBuildFile; fileRef = 4E2A0F1F1D94CA870069836D /* CBDriverDetailView.m */; };
		4E2A0F241D94CEAE0069836D /* CBButtonWithLeftImage.m in Sources */ = {isa = PBXBuildFile; fileRef = 4E2A0F231D94CEAE0069836D /* CBButtonWithLeftImage.m */; };
		4E2A0F291D94E2EF0069836D /* CBBaseCollectionCell.m in Sources */ = {isa = PBXBuildFile; fileRef = 4E2A0F281D94E2EF0069836D /* CBBaseCollectionCell.m */; };
		4E2A0F2C1D94E3520069836D /* CBCarCategoryCell.m in Sources */ = {isa = PBXBuildFile; fileRef = 4E2A0F2B1D94E3520069836D /* CBCarCategoryCell.m */; };
		4E52E4831D8F9D2800C0B890 /* CBBaseFrontViewController.m in Sources */ = {isa = PBXBuildFile; fileRef = 4E52E4821D8F9D2800C0B890 /* CBBaseFrontViewController.m */; };
		4E52E4881D8FA50200C0B890 /* CBEmergencyViewController.m in Sources */ = {isa = PBXBuildFile; fileRef = 4E52E4871D8FA50200C0B890 /* CBEmergencyViewController.m */; };
		4E52E48B1D8FAFD400C0B890 /* CBEmeregencyContactCell.m in Sources */ = {isa = PBXBuildFile; fileRef = 4E52E48A1D8FAFD400C0B890 /* CBEmeregencyContactCell.m */; };
		4E52E48E1D8FB53B00C0B890 /* CBSepratorLine.m in Sources */ = {isa = PBXBuildFile; fileRef = 4E52E48D1D8FB53B00C0B890 /* CBSepratorLine.m */; };
		4E52E4921D8FB7B500C0B890 /* CBOffersViewController.m in Sources */ = {isa = PBXBuildFile; fileRef = 4E52E4911D8FB7B500C0B890 /* CBOffersViewController.m */; };
		4E52E4D51D8FE45F00C0B890 /* CBBaseFrontTableController.m in Sources */ = {isa = PBXBuildFile; fileRef = 4E52E4D41D8FE45F00C0B890 /* CBBaseFrontTableController.m */; };
		4E52E4D81D8FE5B300C0B890 /* CBOffersCell.m in Sources */ = {isa = PBXBuildFile; fileRef = 4E52E4D71D8FE5B300C0B890 /* CBOffersCell.m */; };
		4E52E4DC1D8FE75400C0B890 /* CBUtility.m in Sources */ = {isa = PBXBuildFile; fileRef = 4E52E4DB1D8FE75400C0B890 /* CBUtility.m */; };
		4E6ACD4B1D8A585100827ECB /* CBMenuHeader.m in Sources */ = {isa = PBXBuildFile; fileRef = 4E6ACD4A1D8A585100827ECB /* CBMenuHeader.m */; };
		4E7560061D923FE600E86D44 /* CBMapHandler.m in Sources */ = {isa = PBXBuildFile; fileRef = 4E7560051D923FE600E86D44 /* CBMapHandler.m */; };
		4E7560091D92405800E86D44 /* CBBookMyRideViewController.m in Sources */ = {isa = PBXBuildFile; fileRef = 4E7560081D92405800E86D44 /* CBBookMyRideViewController.m */; };
		4E75600C1D927F2400E86D44 /* CBMapView.m in Sources */ = {isa = PBXBuildFile; fileRef = 4E75600B1D927F2400E86D44 /* CBMapView.m */; };
		4E7560131D929DFF00E86D44 /* CBBookMyRideFooterView.m in Sources */ = {isa = PBXBuildFile; fileRef = 4E7560121D929DFF00E86D44 /* CBBookMyRideFooterView.m */; };
		4E7E8D331D9110CE00D23362 /* CBMyRideViewController.m in Sources */ = {isa = PBXBuildFile; fileRef = 4E7E8D321D9110CE00D23362 /* CBMyRideViewController.m */; };
		4E7E8D361D91111F00D23362 /* CBMyRideCell.m in Sources */ = {isa = PBXBuildFile; fileRef = 4E7E8D351D91111F00D23362 /* CBMyRideCell.m */; };
		4E7EB1E21D9CDCC600A63FB9 /* CBBaseModel.m in Sources */ = {isa = PBXBuildFile; fileRef = 4E7EB1E11D9CDCC600A63FB9 /* CBBaseModel.m */; };
		4E7EB1E51D9CDD0500A63FB9 /* CBCarModel.m in Sources */ = {isa = PBXBuildFile; fileRef = 4E7EB1E41D9CDD0500A63FB9 /* CBCarModel.m */; };
		4E7EB1E81D9CDD1D00A63FB9 /* CBCarCategoryModel.m in Sources */ = {isa = PBXBuildFile; fileRef = 4E7EB1E71D9CDD1D00A63FB9 /* CBCarCategoryModel.m */; };
		4E7EB1EB1D9CDD2D00A63FB9 /* CBMapDataModel.m in Sources */ = {isa = PBXBuildFile; fileRef = 4E7EB1EA1D9CDD2D00A63FB9 /* CBMapDataModel.m */; };
		4E7EB1F41D9CE85300A63FB9 /* NetworkParser.m in Sources */ = {isa = PBXBuildFile; fileRef = 4E7EB1F01D9CE85300A63FB9 /* NetworkParser.m */; };
		4E7EB1F51D9CE85300A63FB9 /* ParameterBundler.m in Sources */ = {isa = PBXBuildFile; fileRef = 4E7EB1F21D9CE85300A63FB9 /* ParameterBundler.m */; };
		4E7EB1F81D9CF3D000A63FB9 /* IntelliHTTPClient.m in Sources */ = {isa = PBXBuildFile; fileRef = 4E7EB1F71D9CF3D000A63FB9 /* IntelliHTTPClient.m */; };
		4EAC9BDE1D93AA930078AEDE /* Testing.xib in Resources */ = {isa = PBXBuildFile; fileRef = 4EAC9BDD1D93AA930078AEDE /* Testing.xib */; };
		4EDBDC231D9A265300DCD2C8 /* CBMapCenterView.m in Sources */ = {isa = PBXBuildFile; fileRef = 4EDBDC221D9A265300DCD2C8 /* CBMapCenterView.m */; };
		4EE7D98A1D890A5D00B42C51 /* main.m in Sources */ = {isa = PBXBuildFile; fileRef = 4EE7D9891D890A5D00B42C51 /* main.m */; };
		4EE7D98D1D890A5D00B42C51 /* AppDelegate.m in Sources */ = {isa = PBXBuildFile; fileRef = 4EE7D98C1D890A5D00B42C51 /* AppDelegate.m */; };
		4EE7D9901D890A5D00B42C51 /* ViewController.m in Sources */ = {isa = PBXBuildFile; fileRef = 4EE7D98F1D890A5D00B42C51 /* ViewController.m */; };
		4EE7D9931D890A5D00B42C51 /* Main.storyboard in Resources */ = {isa = PBXBuildFile; fileRef = 4EE7D9911D890A5D00B42C51 /* Main.storyboard */; };
		4EE7D9951D890A5D00B42C51 /* Assets.xcassets in Resources */ = {isa = PBXBuildFile; fileRef = 4EE7D9941D890A5D00B42C51 /* Assets.xcassets */; };
		4EE7D9981D890A5D00B42C51 /* LaunchScreen.storyboard in Resources */ = {isa = PBXBuildFile; fileRef = 4EE7D9961D890A5D00B42C51 /* LaunchScreen.storyboard */; };
		4EE7D9A51D891AA900B42C51 /* SWRevealViewController.m in Sources */ = {isa = PBXBuildFile; fileRef = 4EE7D9A41D891AA900B42C51 /* SWRevealViewController.m */; };
		4EE7D9AB1D891ABA00B42C51 /* CBMenuCell.m in Sources */ = {isa = PBXBuildFile; fileRef = 4EE7D9A81D891ABA00B42C51 /* CBMenuCell.m */; };
		4EE7D9AC1D891ABA00B42C51 /* CBMenuViewController.m in Sources */ = {isa = PBXBuildFile; fileRef = 4EE7D9AA1D891ABA00B42C51 /* CBMenuViewController.m */; };
		4EE7D9B21D8920CA00B42C51 /* CBMenuDrawerHandler.m in Sources */ = {isa = PBXBuildFile; fileRef = 4EE7D9B11D8920CA00B42C51 /* CBMenuDrawerHandler.m */; };
		4EE7D9B61D89354000B42C51 /* CBBaseViewController.m in Sources */ = {isa = PBXBuildFile; fileRef = 4EE7D9B51D89354000B42C51 /* CBBaseViewController.m */; };
		4EE7D9B91D89356F00B42C51 /* CBBaseUITableCell.m in Sources */ = {isa = PBXBuildFile; fileRef = 4EE7D9B81D89356F00B42C51 /* CBBaseUITableCell.m */; };
		4EE7D9BC1D894DE800B42C51 /* CBUILabel.m in Sources */ = {isa = PBXBuildFile; fileRef = 4EE7D9BB1D894DE800B42C51 /* CBUILabel.m */; };
		4EE7D9C21D8955C000B42C51 /* SF-UI-Text-Light.otf in Resources */ = {isa = PBXBuildFile; fileRef = 4EE7D9BE1D8955C000B42C51 /* SF-UI-Text-Light.otf */; };
		4EE7D9C31D8955C000B42C51 /* SF-UI-Text-Medium.otf in Resources */ = {isa = PBXBuildFile; fileRef = 4EE7D9BF1D8955C000B42C51 /* SF-UI-Text-Medium.otf */; };
		4EE7D9C41D8955C000B42C51 /* SF-UI-Text-Regular.otf in Resources */ = {isa = PBXBuildFile; fileRef = 4EE7D9C01D8955C000B42C51 /* SF-UI-Text-Regular.otf */; };
		4EE7D9C51D8955C000B42C51 /* SFUIDisplay-Ultralight.ttf in Resources */ = {isa = PBXBuildFile; fileRef = 4EE7D9C11D8955C000B42C51 /* SFUIDisplay-Ultralight.ttf */; };
		4EE7D9C91D895B7200B42C51 /* CBMenuModel.m in Sources */ = {isa = PBXBuildFile; fileRef = 4EE7D9C81D895B7200B42C51 /* CBMenuModel.m */; };
		4EF8E7971DA4BEAD00169630 /* CBErrorModel.m in Sources */ = {isa = PBXBuildFile; fileRef = 4EF8E7961DA4BEAD00169630 /* CBErrorModel.m */; };
		4EF8E79A1DA4BF6F00169630 /* CBRideCancelReasonModel.m in Sources */ = {isa = PBXBuildFile; fileRef = 4EF8E7991DA4BF6F00169630 /* CBRideCancelReasonModel.m */; };
		4EF8E79D1DA4DB2E00169630 /* CBAllCabsModel.m in Sources */ = {isa = PBXBuildFile; fileRef = 4EF8E79C1DA4DB2E00169630 /* CBAllCabsModel.m */; };
		907EAFFF9EFEC00F6EC0DAA5 /* libPods-CabBooking.a in Frameworks */ = {isa = PBXBuildFile; fileRef = 6383A49BD17FD123BD455B71 /* libPods-CabBooking.a */; };
/* End PBXBuildFile section */

/* Begin PBXContainerItemProxy section */
		4E3B1C7A1D9BC59F0069ACA0 /* PBXContainerItemProxy */ = {
			isa = PBXContainerItemProxy;
			containerPortal = 4E3B1C761D9BC59F0069ACA0 /* GooglePlacesDemos.xcodeproj */;
			proxyType = 2;
			remoteGlobalIDString = 16C539680ABA55CA7AFC3002;
			remoteInfo = GooglePlacesDemos;
		};
/* End PBXContainerItemProxy section */

/* Begin PBXFileReference section */
		186944CF157339C6A791E137 /* Pods-CabBooking.release.xcconfig */ = {isa = PBXFileReference; includeInIndex = 1; lastKnownFileType = text.xcconfig; name = "Pods-CabBooking.release.xcconfig"; path = "Pods/Target Support Files/Pods-CabBooking/Pods-CabBooking.release.xcconfig"; sourceTree = "<group>"; };
		4E081C271D98D8A400128B29 /* CBButton.h */ = {isa = PBXFileReference; fileEncoding = 4; lastKnownFileType = sourcecode.c.h; path = CBButton.h; sourceTree = "<group>"; };
		4E081C281D98D8A400128B29 /* CBButton.m */ = {isa = PBXFileReference; fileEncoding = 4; lastKnownFileType = sourcecode.c.objc; path = CBButton.m; sourceTree = "<group>"; };
		4E2A0F1B1D94CA770069836D /* CBCarDetailView.h */ = {isa = PBXFileReference; fileEncoding = 4; lastKnownFileType = sourcecode.c.h; name = CBCarDetailView.h; path = ../CBCarDetailView.h; sourceTree = "<group>"; };
		4E2A0F1C1D94CA770069836D /* CBCarDetailView.m */ = {isa = PBXFileReference; fileEncoding = 4; lastKnownFileType = sourcecode.c.objc; name = CBCarDetailView.m; path = ../CBCarDetailView.m; sourceTree = "<group>"; };
		4E2A0F1E1D94CA870069836D /* CBDriverDetailView.h */ = {isa = PBXFileReference; fileEncoding = 4; lastKnownFileType = sourcecode.c.h; name = CBDriverDetailView.h; path = ../CBDriverDetailView.h; sourceTree = "<group>"; };
		4E2A0F1F1D94CA870069836D /* CBDriverDetailView.m */ = {isa = PBXFileReference; fileEncoding = 4; lastKnownFileType = sourcecode.c.objc; name = CBDriverDetailView.m; path = ../CBDriverDetailView.m; sourceTree = "<group>"; };
		4E2A0F221D94CEAE0069836D /* CBButtonWithLeftImage.h */ = {isa = PBXFileReference; fileEncoding = 4; lastKnownFileType = sourcecode.c.h; path = CBButtonWithLeftImage.h; sourceTree = "<group>"; };
		4E2A0F231D94CEAE0069836D /* CBButtonWithLeftImage.m */ = {isa = PBXFileReference; fileEncoding = 4; lastKnownFileType = sourcecode.c.objc; path = CBButtonWithLeftImage.m; sourceTree = "<group>"; };
		4E2A0F271D94E2EF0069836D /* CBBaseCollectionCell.h */ = {isa = PBXFileReference; fileEncoding = 4; lastKnownFileType = sourcecode.c.h; path = CBBaseCollectionCell.h; sourceTree = "<group>"; };
		4E2A0F281D94E2EF0069836D /* CBBaseCollectionCell.m */ = {isa = PBXFileReference; fileEncoding = 4; lastKnownFileType = sourcecode.c.objc; path = CBBaseCollectionCell.m; sourceTree = "<group>"; };
		4E2A0F2A1D94E3520069836D /* CBCarCategoryCell.h */ = {isa = PBXFileReference; fileEncoding = 4; lastKnownFileType = sourcecode.c.h; path = CBCarCategoryCell.h; sourceTree = "<group>"; };
		4E2A0F2B1D94E3520069836D /* CBCarCategoryCell.m */ = {isa = PBXFileReference; fileEncoding = 4; lastKnownFileType = sourcecode.c.objc; path = CBCarCategoryCell.m; sourceTree = "<group>"; };
		4E3B1C761D9BC59F0069ACA0 /* GooglePlacesDemos.xcodeproj */ = {isa = PBXFileReference; lastKnownFileType = "wrapper.pb-project"; name = GooglePlacesDemos.xcodeproj; path = ../../../../../../../../../var/folders/c5/wvbd5yk91sl13s7s1b22fh800000gr/T/CocoaPods/Try/GooglePlaces/Example/GooglePlacesDemos.xcodeproj; sourceTree = "<group>"; };
		4E52E4811D8F9D2800C0B890 /* CBBaseFrontViewController.h */ = {isa = PBXFileReference; fileEncoding = 4; lastKnownFileType = sourcecode.c.h; name = CBBaseFrontViewController.h; path = ../CBBaseFrontViewController.h; sourceTree = "<group>"; };
		4E52E4821D8F9D2800C0B890 /* CBBaseFrontViewController.m */ = {isa = PBXFileReference; fileEncoding = 4; lastKnownFileType = sourcecode.c.objc; name = CBBaseFrontViewController.m; path = ../CBBaseFrontViewController.m; sourceTree = "<group>"; };
		4E52E4861D8FA50200C0B890 /* CBEmergencyViewController.h */ = {isa = PBXFileReference; fileEncoding = 4; lastKnownFileType = sourcecode.c.h; path = CBEmergencyViewController.h; sourceTree = "<group>"; };
		4E52E4871D8FA50200C0B890 /* CBEmergencyViewController.m */ = {isa = PBXFileReference; fileEncoding = 4; lastKnownFileType = sourcecode.c.objc; path = CBEmergencyViewController.m; sourceTree = "<group>"; };
		4E52E4891D8FAFD400C0B890 /* CBEmeregencyContactCell.h */ = {isa = PBXFileReference; fileEncoding = 4; lastKnownFileType = sourcecode.c.h; path = CBEmeregencyContactCell.h; sourceTree = "<group>"; };
		4E52E48A1D8FAFD400C0B890 /* CBEmeregencyContactCell.m */ = {isa = PBXFileReference; fileEncoding = 4; lastKnownFileType = sourcecode.c.objc; path = CBEmeregencyContactCell.m; sourceTree = "<group>"; };
		4E52E48C1D8FB53B00C0B890 /* CBSepratorLine.h */ = {isa = PBXFileReference; fileEncoding = 4; lastKnownFileType = sourcecode.c.h; name = CBSepratorLine.h; path = ../CBSepratorLine.h; sourceTree = "<group>"; };
		4E52E48D1D8FB53B00C0B890 /* CBSepratorLine.m */ = {isa = PBXFileReference; fileEncoding = 4; lastKnownFileType = sourcecode.c.objc; name = CBSepratorLine.m; path = ../CBSepratorLine.m; sourceTree = "<group>"; };
		4E52E4901D8FB7B500C0B890 /* CBOffersViewController.h */ = {isa = PBXFileReference; fileEncoding = 4; lastKnownFileType = sourcecode.c.h; path = CBOffersViewController.h; sourceTree = "<group>"; };
		4E52E4911D8FB7B500C0B890 /* CBOffersViewController.m */ = {isa = PBXFileReference; fileEncoding = 4; lastKnownFileType = sourcecode.c.objc; path = CBOffersViewController.m; sourceTree = "<group>"; };
		4E52E4D31D8FE45F00C0B890 /* CBBaseFrontTableController.h */ = {isa = PBXFileReference; fileEncoding = 4; lastKnownFileType = sourcecode.c.h; name = CBBaseFrontTableController.h; path = ../CBBaseFrontTableController.h; sourceTree = "<group>"; };
		4E52E4D41D8FE45F00C0B890 /* CBBaseFrontTableController.m */ = {isa = PBXFileReference; fileEncoding = 4; lastKnownFileType = sourcecode.c.objc; name = CBBaseFrontTableController.m; path = ../CBBaseFrontTableController.m; sourceTree = "<group>"; };
		4E52E4D61D8FE5B300C0B890 /* CBOffersCell.h */ = {isa = PBXFileReference; fileEncoding = 4; lastKnownFileType = sourcecode.c.h; path = CBOffersCell.h; sourceTree = "<group>"; };
		4E52E4D71D8FE5B300C0B890 /* CBOffersCell.m */ = {isa = PBXFileReference; fileEncoding = 4; lastKnownFileType = sourcecode.c.objc; path = CBOffersCell.m; sourceTree = "<group>"; };
		4E52E4DA1D8FE75400C0B890 /* CBUtility.h */ = {isa = PBXFileReference; fileEncoding = 4; lastKnownFileType = sourcecode.c.h; path = CBUtility.h; sourceTree = "<group>"; };
		4E52E4DB1D8FE75400C0B890 /* CBUtility.m */ = {isa = PBXFileReference; fileEncoding = 4; lastKnownFileType = sourcecode.c.objc; path = CBUtility.m; sourceTree = "<group>"; };
		4E6ACD491D8A585100827ECB /* CBMenuHeader.h */ = {isa = PBXFileReference; fileEncoding = 4; lastKnownFileType = sourcecode.c.h; path = CBMenuHeader.h; sourceTree = "<group>"; };
		4E6ACD4A1D8A585100827ECB /* CBMenuHeader.m */ = {isa = PBXFileReference; fileEncoding = 4; lastKnownFileType = sourcecode.c.objc; path = CBMenuHeader.m; sourceTree = "<group>"; };
		4E6ACD4C1D8A713500827ECB /* CBColors.h */ = {isa = PBXFileReference; lastKnownFileType = sourcecode.c.h; name = CBColors.h; path = ../CBColors.h; sourceTree = "<group>"; };
		4E7560041D923FE600E86D44 /* CBMapHandler.h */ = {isa = PBXFileReference; fileEncoding = 4; lastKnownFileType = sourcecode.c.h; path = CBMapHandler.h; sourceTree = "<group>"; };
		4E7560051D923FE600E86D44 /* CBMapHandler.m */ = {isa = PBXFileReference; fileEncoding = 4; lastKnownFileType = sourcecode.c.objc; path = CBMapHandler.m; sourceTree = "<group>"; };
		4E7560071D92405800E86D44 /* CBBookMyRideViewController.h */ = {isa = PBXFileReference; fileEncoding = 4; lastKnownFileType = sourcecode.c.h; name = CBBookMyRideViewController.h; path = ../../GoogleMaps/CBBookMyRideViewController.h; sourceTree = "<group>"; };
		4E7560081D92405800E86D44 /* CBBookMyRideViewController.m */ = {isa = PBXFileReference; fileEncoding = 4; lastKnownFileType = sourcecode.c.objc; name = CBBookMyRideViewController.m; path = ../../GoogleMaps/CBBookMyRideViewController.m; sourceTree = "<group>"; };
		4E75600A1D927F2400E86D44 /* CBMapView.h */ = {isa = PBXFileReference; fileEncoding = 4; lastKnownFileType = sourcecode.c.h; path = CBMapView.h; sourceTree = "<group>"; };
		4E75600B1D927F2400E86D44 /* CBMapView.m */ = {isa = PBXFileReference; fileEncoding = 4; lastKnownFileType = sourcecode.c.objc; path = CBMapView.m; sourceTree = "<group>"; };
		4E7560111D929DFF00E86D44 /* CBBookMyRideFooterView.h */ = {isa = PBXFileReference; fileEncoding = 4; lastKnownFileType = sourcecode.c.h; name = CBBookMyRideFooterView.h; path = ../CBBookMyRideFooterView.h; sourceTree = "<group>"; };
		4E7560121D929DFF00E86D44 /* CBBookMyRideFooterView.m */ = {isa = PBXFileReference; fileEncoding = 4; lastKnownFileType = sourcecode.c.objc; name = CBBookMyRideFooterView.m; path = ../CBBookMyRideFooterView.m; sourceTree = "<group>"; };
		4E7E8D311D9110CE00D23362 /* CBMyRideViewController.h */ = {isa = PBXFileReference; fileEncoding = 4; lastKnownFileType = sourcecode.c.h; path = CBMyRideViewController.h; sourceTree = "<group>"; };
		4E7E8D321D9110CE00D23362 /* CBMyRideViewController.m */ = {isa = PBXFileReference; fileEncoding = 4; lastKnownFileType = sourcecode.c.objc; path = CBMyRideViewController.m; sourceTree = "<group>"; };
		4E7E8D341D91111F00D23362 /* CBMyRideCell.h */ = {isa = PBXFileReference; fileEncoding = 4; lastKnownFileType = sourcecode.c.h; path = CBMyRideCell.h; sourceTree = "<group>"; };
		4E7E8D351D91111F00D23362 /* CBMyRideCell.m */ = {isa = PBXFileReference; fileEncoding = 4; lastKnownFileType = sourcecode.c.objc; path = CBMyRideCell.m; sourceTree = "<group>"; };
		4E7EB1E01D9CDCC600A63FB9 /* CBBaseModel.h */ = {isa = PBXFileReference; fileEncoding = 4; lastKnownFileType = sourcecode.c.h; path = CBBaseModel.h; sourceTree = "<group>"; };
		4E7EB1E11D9CDCC600A63FB9 /* CBBaseModel.m */ = {isa = PBXFileReference; fileEncoding = 4; lastKnownFileType = sourcecode.c.objc; path = CBBaseModel.m; sourceTree = "<group>"; };
		4E7EB1E31D9CDD0500A63FB9 /* CBCarModel.h */ = {isa = PBXFileReference; fileEncoding = 4; lastKnownFileType = sourcecode.c.h; path = CBCarModel.h; sourceTree = "<group>"; };
		4E7EB1E41D9CDD0500A63FB9 /* CBCarModel.m */ = {isa = PBXFileReference; fileEncoding = 4; lastKnownFileType = sourcecode.c.objc; path = CBCarModel.m; sourceTree = "<group>"; };
		4E7EB1E61D9CDD1D00A63FB9 /* CBCarCategoryModel.h */ = {isa = PBXFileReference; fileEncoding = 4; lastKnownFileType = sourcecode.c.h; path = CBCarCategoryModel.h; sourceTree = "<group>"; };
		4E7EB1E71D9CDD1D00A63FB9 /* CBCarCategoryModel.m */ = {isa = PBXFileReference; fileEncoding = 4; lastKnownFileType = sourcecode.c.objc; path = CBCarCategoryModel.m; sourceTree = "<group>"; };
		4E7EB1E91D9CDD2D00A63FB9 /* CBMapDataModel.h */ = {isa = PBXFileReference; fileEncoding = 4; lastKnownFileType = sourcecode.c.h; path = CBMapDataModel.h; sourceTree = "<group>"; };
		4E7EB1EA1D9CDD2D00A63FB9 /* CBMapDataModel.m */ = {isa = PBXFileReference; fileEncoding = 4; lastKnownFileType = sourcecode.c.objc; path = CBMapDataModel.m; sourceTree = "<group>"; };
		4E7EB1EE1D9CE85300A63FB9 /* ApiNamesConstant.h */ = {isa = PBXFileReference; fileEncoding = 4; lastKnownFileType = sourcecode.c.h; path = ApiNamesConstant.h; sourceTree = "<group>"; };
		4E7EB1EF1D9CE85300A63FB9 /* NetworkParser.h */ = {isa = PBXFileReference; fileEncoding = 4; lastKnownFileType = sourcecode.c.h; path = NetworkParser.h; sourceTree = "<group>"; };
		4E7EB1F01D9CE85300A63FB9 /* NetworkParser.m */ = {isa = PBXFileReference; fileEncoding = 4; lastKnownFileType = sourcecode.c.objc; path = NetworkParser.m; sourceTree = "<group>"; };
		4E7EB1F11D9CE85300A63FB9 /* ParameterBundler.h */ = {isa = PBXFileReference; fileEncoding = 4; lastKnownFileType = sourcecode.c.h; path = ParameterBundler.h; sourceTree = "<group>"; };
		4E7EB1F21D9CE85300A63FB9 /* ParameterBundler.m */ = {isa = PBXFileReference; fileEncoding = 4; lastKnownFileType = sourcecode.c.objc; path = ParameterBundler.m; sourceTree = "<group>"; };
		4E7EB1F31D9CE85300A63FB9 /* ServerInfo.h */ = {isa = PBXFileReference; fileEncoding = 4; lastKnownFileType = sourcecode.c.h; path = ServerInfo.h; sourceTree = "<group>"; };
		4E7EB1F61D9CF3D000A63FB9 /* IntelliHTTPClient.h */ = {isa = PBXFileReference; fileEncoding = 4; lastKnownFileType = sourcecode.c.h; path = IntelliHTTPClient.h; sourceTree = "<group>"; };
		4E7EB1F71D9CF3D000A63FB9 /* IntelliHTTPClient.m */ = {isa = PBXFileReference; fileEncoding = 4; lastKnownFileType = sourcecode.c.objc; path = IntelliHTTPClient.m; sourceTree = "<group>"; };
		4EAC9BDD1D93AA930078AEDE /* Testing.xib */ = {isa = PBXFileReference; fileEncoding = 4; lastKnownFileType = file.xib; path = Testing.xib; sourceTree = "<group>"; };
		4EDBDC211D9A265300DCD2C8 /* CBMapCenterView.h */ = {isa = PBXFileReference; fileEncoding = 4; lastKnownFileType = sourcecode.c.h; path = CBMapCenterView.h; sourceTree = "<group>"; };
		4EDBDC221D9A265300DCD2C8 /* CBMapCenterView.m */ = {isa = PBXFileReference; fileEncoding = 4; lastKnownFileType = sourcecode.c.objc; path = CBMapCenterView.m; sourceTree = "<group>"; };
		4EE7D9851D890A5D00B42C51 /* CabBooking.app */ = {isa = PBXFileReference; explicitFileType = wrapper.application; includeInIndex = 0; path = CabBooking.app; sourceTree = BUILT_PRODUCTS_DIR; };
		4EE7D9891D890A5D00B42C51 /* main.m */ = {isa = PBXFileReference; lastKnownFileType = sourcecode.c.objc; path = main.m; sourceTree = "<group>"; };
		4EE7D98B1D890A5D00B42C51 /* AppDelegate.h */ = {isa = PBXFileReference; lastKnownFileType = sourcecode.c.h; path = AppDelegate.h; sourceTree = "<group>"; };
		4EE7D98C1D890A5D00B42C51 /* AppDelegate.m */ = {isa = PBXFileReference; lastKnownFileType = sourcecode.c.objc; path = AppDelegate.m; sourceTree = "<group>"; };
		4EE7D98E1D890A5D00B42C51 /* ViewController.h */ = {isa = PBXFileReference; lastKnownFileType = sourcecode.c.h; path = ViewController.h; sourceTree = "<group>"; };
		4EE7D98F1D890A5D00B42C51 /* ViewController.m */ = {isa = PBXFileReference; lastKnownFileType = sourcecode.c.objc; path = ViewController.m; sourceTree = "<group>"; };
		4EE7D9921D890A5D00B42C51 /* Base */ = {isa = PBXFileReference; lastKnownFileType = file.storyboard; name = Base; path = Base.lproj/Main.storyboard; sourceTree = "<group>"; };
		4EE7D9941D890A5D00B42C51 /* Assets.xcassets */ = {isa = PBXFileReference; lastKnownFileType = folder.assetcatalog; path = Assets.xcassets; sourceTree = "<group>"; };
		4EE7D9971D890A5D00B42C51 /* Base */ = {isa = PBXFileReference; lastKnownFileType = file.storyboard; name = Base; path = Base.lproj/LaunchScreen.storyboard; sourceTree = "<group>"; };
		4EE7D9991D890A5D00B42C51 /* Info.plist */ = {isa = PBXFileReference; lastKnownFileType = text.plist.xml; path = Info.plist; sourceTree = "<group>"; };
		4EE7D9A31D891AA900B42C51 /* SWRevealViewController.h */ = {isa = PBXFileReference; fileEncoding = 4; lastKnownFileType = sourcecode.c.h; path = SWRevealViewController.h; sourceTree = "<group>"; };
		4EE7D9A41D891AA900B42C51 /* SWRevealViewController.m */ = {isa = PBXFileReference; fileEncoding = 4; lastKnownFileType = sourcecode.c.objc; path = SWRevealViewController.m; sourceTree = "<group>"; };
		4EE7D9A71D891ABA00B42C51 /* CBMenuCell.h */ = {isa = PBXFileReference; fileEncoding = 4; lastKnownFileType = sourcecode.c.h; path = CBMenuCell.h; sourceTree = "<group>"; };
		4EE7D9A81D891ABA00B42C51 /* CBMenuCell.m */ = {isa = PBXFileReference; fileEncoding = 4; lastKnownFileType = sourcecode.c.objc; path = CBMenuCell.m; sourceTree = "<group>"; };
		4EE7D9A91D891ABA00B42C51 /* CBMenuViewController.h */ = {isa = PBXFileReference; fileEncoding = 4; lastKnownFileType = sourcecode.c.h; path = CBMenuViewController.h; sourceTree = "<group>"; };
		4EE7D9AA1D891ABA00B42C51 /* CBMenuViewController.m */ = {isa = PBXFileReference; fileEncoding = 4; lastKnownFileType = sourcecode.c.objc; path = CBMenuViewController.m; sourceTree = "<group>"; };
		4EE7D9B01D8920CA00B42C51 /* CBMenuDrawerHandler.h */ = {isa = PBXFileReference; fileEncoding = 4; lastKnownFileType = sourcecode.c.h; path = CBMenuDrawerHandler.h; sourceTree = "<group>"; };
		4EE7D9B11D8920CA00B42C51 /* CBMenuDrawerHandler.m */ = {isa = PBXFileReference; fileEncoding = 4; lastKnownFileType = sourcecode.c.objc; path = CBMenuDrawerHandler.m; sourceTree = "<group>"; };
		4EE7D9B41D89354000B42C51 /* CBBaseViewController.h */ = {isa = PBXFileReference; fileEncoding = 4; lastKnownFileType = sourcecode.c.h; name = CBBaseViewController.h; path = ../CBBaseViewController.h; sourceTree = "<group>"; };
		4EE7D9B51D89354000B42C51 /* CBBaseViewController.m */ = {isa = PBXFileReference; fileEncoding = 4; lastKnownFileType = sourcecode.c.objc; name = CBBaseViewController.m; path = ../CBBaseViewController.m; sourceTree = "<group>"; };
		4EE7D9B71D89356F00B42C51 /* CBBaseUITableCell.h */ = {isa = PBXFileReference; fileEncoding = 4; lastKnownFileType = sourcecode.c.h; name = CBBaseUITableCell.h; path = ../CBBaseUITableCell.h; sourceTree = "<group>"; };
		4EE7D9B81D89356F00B42C51 /* CBBaseUITableCell.m */ = {isa = PBXFileReference; fileEncoding = 4; lastKnownFileType = sourcecode.c.objc; name = CBBaseUITableCell.m; path = ../CBBaseUITableCell.m; sourceTree = "<group>"; };
		4EE7D9BA1D894DE800B42C51 /* CBUILabel.h */ = {isa = PBXFileReference; fileEncoding = 4; lastKnownFileType = sourcecode.c.h; name = CBUILabel.h; path = ../CBUILabel.h; sourceTree = "<group>"; };
		4EE7D9BB1D894DE800B42C51 /* CBUILabel.m */ = {isa = PBXFileReference; fileEncoding = 4; lastKnownFileType = sourcecode.c.objc; name = CBUILabel.m; path = ../CBUILabel.m; sourceTree = "<group>"; };
		4EE7D9BE1D8955C000B42C51 /* SF-UI-Text-Light.otf */ = {isa = PBXFileReference; lastKnownFileType = file; path = "SF-UI-Text-Light.otf"; sourceTree = "<group>"; };
		4EE7D9BF1D8955C000B42C51 /* SF-UI-Text-Medium.otf */ = {isa = PBXFileReference; lastKnownFileType = file; path = "SF-UI-Text-Medium.otf"; sourceTree = "<group>"; };
		4EE7D9C01D8955C000B42C51 /* SF-UI-Text-Regular.otf */ = {isa = PBXFileReference; lastKnownFileType = file; path = "SF-UI-Text-Regular.otf"; sourceTree = "<group>"; };
		4EE7D9C11D8955C000B42C51 /* SFUIDisplay-Ultralight.ttf */ = {isa = PBXFileReference; lastKnownFileType = file; path = "SFUIDisplay-Ultralight.ttf"; sourceTree = "<group>"; };
		4EE7D9C61D89568000B42C51 /* Constants.h */ = {isa = PBXFileReference; lastKnownFileType = sourcecode.c.h; name = Constants.h; path = ../Constants.h; sourceTree = "<group>"; };
		4EE7D9C71D895B7200B42C51 /* CBMenuModel.h */ = {isa = PBXFileReference; fileEncoding = 4; lastKnownFileType = sourcecode.c.h; path = CBMenuModel.h; sourceTree = "<group>"; };
		4EE7D9C81D895B7200B42C51 /* CBMenuModel.m */ = {isa = PBXFileReference; fileEncoding = 4; lastKnownFileType = sourcecode.c.objc; path = CBMenuModel.m; sourceTree = "<group>"; };
		4EF8E7951DA4BEAD00169630 /* CBErrorModel.h */ = {isa = PBXFileReference; fileEncoding = 4; lastKnownFileType = sourcecode.c.h; path = CBErrorModel.h; sourceTree = "<group>"; };
		4EF8E7961DA4BEAD00169630 /* CBErrorModel.m */ = {isa = PBXFileReference; fileEncoding = 4; lastKnownFileType = sourcecode.c.objc; path = CBErrorModel.m; sourceTree = "<group>"; };
		4EF8E7981DA4BF6F00169630 /* CBRideCancelReasonModel.h */ = {isa = PBXFileReference; fileEncoding = 4; lastKnownFileType = sourcecode.c.h; path = CBRideCancelReasonModel.h; sourceTree = "<group>"; };
		4EF8E7991DA4BF6F00169630 /* CBRideCancelReasonModel.m */ = {isa = PBXFileReference; fileEncoding = 4; lastKnownFileType = sourcecode.c.objc; path = CBRideCancelReasonModel.m; sourceTree = "<group>"; };
		4EF8E79B1DA4DB2E00169630 /* CBAllCabsModel.h */ = {isa = PBXFileReference; fileEncoding = 4; lastKnownFileType = sourcecode.c.h; path = CBAllCabsModel.h; sourceTree = "<group>"; };
		4EF8E79C1DA4DB2E00169630 /* CBAllCabsModel.m */ = {isa = PBXFileReference; fileEncoding = 4; lastKnownFileType = sourcecode.c.objc; path = CBAllCabsModel.m; sourceTree = "<group>"; };
		6383A49BD17FD123BD455B71 /* libPods-CabBooking.a */ = {isa = PBXFileReference; explicitFileType = archive.ar; includeInIndex = 0; path = "libPods-CabBooking.a"; sourceTree = BUILT_PRODUCTS_DIR; };
		95635C5A6E76E80B52BFB0C5 /* Pods-CabBooking.debug.xcconfig */ = {isa = PBXFileReference; includeInIndex = 1; lastKnownFileType = text.xcconfig; name = "Pods-CabBooking.debug.xcconfig"; path = "Pods/Target Support Files/Pods-CabBooking/Pods-CabBooking.debug.xcconfig"; sourceTree = "<group>"; };
/* End PBXFileReference section */

/* Begin PBXFrameworksBuildPhase section */
		4EE7D9821D890A5D00B42C51 /* Frameworks */ = {
			isa = PBXFrameworksBuildPhase;
			buildActionMask = 2147483647;
			files = (
				907EAFFF9EFEC00F6EC0DAA5 /* libPods-CabBooking.a in Frameworks */,
			);
			runOnlyForDeploymentPostprocessing = 0;
		};
/* End PBXFrameworksBuildPhase section */

/* Begin PBXGroup section */
		0159B186348214BAAE1C50D7 /* Frameworks */ = {
			isa = PBXGroup;
			children = (
				6383A49BD17FD123BD455B71 /* libPods-CabBooking.a */,
			);
			name = Frameworks;
			sourceTree = "<group>";
		};
		4E081C2A1D98DE3400128B29 /* controller */ = {
			isa = PBXGroup;
			children = (
				4E7560071D92405800E86D44 /* CBBookMyRideViewController.h */,
				4E7560081D92405800E86D44 /* CBBookMyRideViewController.m */,
			);
			name = controller;
			path = ../MenuModules/controller;
			sourceTree = "<group>";
		};
		4E2A0F211D94CE790069836D /* CustomViews */ = {
			isa = PBXGroup;
			children = (
				4E2A0F221D94CEAE0069836D /* CBButtonWithLeftImage.h */,
				4E2A0F231D94CEAE0069836D /* CBButtonWithLeftImage.m */,
				4E081C271D98D8A400128B29 /* CBButton.h */,
				4E081C281D98D8A400128B29 /* CBButton.m */,
				4EDBDC211D9A265300DCD2C8 /* CBMapCenterView.h */,
				4EDBDC221D9A265300DCD2C8 /* CBMapCenterView.m */,
			);
			path = CustomViews;
			sourceTree = "<group>";
		};
		4E2A0F251D94E1190069836D /* Views */ = {
			isa = PBXGroup;
			children = (
				4E2A0F1B1D94CA770069836D /* CBCarDetailView.h */,
				4E2A0F1C1D94CA770069836D /* CBCarDetailView.m */,
				4E2A0F1E1D94CA870069836D /* CBDriverDetailView.h */,
				4E2A0F1F1D94CA870069836D /* CBDriverDetailView.m */,
				4E2A0F2A1D94E3520069836D /* CBCarCategoryCell.h */,
				4E2A0F2B1D94E3520069836D /* CBCarCategoryCell.m */,
			);
			path = Views;
			sourceTree = "<group>";
		};
		4E2A0F261D94E1390069836D /* FooterView */ = {
			isa = PBXGroup;
			children = (
				4E7560111D929DFF00E86D44 /* CBBookMyRideFooterView.h */,
				4E7560121D929DFF00E86D44 /* CBBookMyRideFooterView.m */,
			);
			path = FooterView;
			sourceTree = "<group>";
		};
		4E37A0B9934276E167678807 /* Pods */ = {
			isa = PBXGroup;
			children = (
				95635C5A6E76E80B52BFB0C5 /* Pods-CabBooking.debug.xcconfig */,
				186944CF157339C6A791E137 /* Pods-CabBooking.release.xcconfig */,
			);
			name = Pods;
			sourceTree = "<group>";
		};
		4E3B1C771D9BC59F0069ACA0 /* Products */ = {
			isa = PBXGroup;
			children = (
				4E3B1C7B1D9BC59F0069ACA0 /* GooglePlacesDemos.app */,
			);
			name = Products;
			sourceTree = "<group>";
		};
		4E52E4851D8FA4D600C0B890 /* EmergencyContacts */ = {
			isa = PBXGroup;
			children = (
				4E52E4861D8FA50200C0B890 /* CBEmergencyViewController.h */,
				4E52E4871D8FA50200C0B890 /* CBEmergencyViewController.m */,
				4E52E4891D8FAFD400C0B890 /* CBEmeregencyContactCell.h */,
				4E52E48A1D8FAFD400C0B890 /* CBEmeregencyContactCell.m */,
			);
			name = EmergencyContacts;
			path = ../../EmergencyContacts;
			sourceTree = "<group>";
		};
		4E52E48F1D8FB78B00C0B890 /* Offers & Free Rides */ = {
			isa = PBXGroup;
			children = (
				4E52E4901D8FB7B500C0B890 /* CBOffersViewController.h */,
				4E52E4911D8FB7B500C0B890 /* CBOffersViewController.m */,
				4E52E4D61D8FE5B300C0B890 /* CBOffersCell.h */,
				4E52E4D71D8FE5B300C0B890 /* CBOffersCell.m */,
			);
			name = "Offers & Free Rides";
			path = "../Offers & Free Rides";
			sourceTree = "<group>";
		};
		4E52E4D91D8FE74100C0B890 /* Utilty */ = {
			isa = PBXGroup;
			children = (
				4E6ACD4C1D8A713500827ECB /* CBColors.h */,
				4EE7D9C61D89568000B42C51 /* Constants.h */,
				4E52E4DA1D8FE75400C0B890 /* CBUtility.h */,
				4E52E4DB1D8FE75400C0B890 /* CBUtility.m */,
			);
			path = Utilty;
			sourceTree = "<group>";
		};
		4E7560031D92392600E86D44 /* GoogleMaps */ = {
			isa = PBXGroup;
			children = (
				4E7560041D923FE600E86D44 /* CBMapHandler.h */,
				4E7560051D923FE600E86D44 /* CBMapHandler.m */,
				4E75600A1D927F2400E86D44 /* CBMapView.h */,
				4E75600B1D927F2400E86D44 /* CBMapView.m */,
			);
			path = GoogleMaps;
			sourceTree = "<group>";
		};
		4E75600D1D929DAC00E86D44 /* BookMyRide */ = {
			isa = PBXGroup;
			children = (
				4E7EB1DE1D9CDC9200A63FB9 /* Models */,
				4E081C2A1D98DE3400128B29 /* controller */,
				4E2A0F261D94E1390069836D /* FooterView */,
				4E2A0F251D94E1190069836D /* Views */,
			);
			name = BookMyRide;
			path = ../BookMyRide;
			sourceTree = "<group>";
		};
		4E7E8D2A1D910FD600D23362 /* Controllers */ = {
			isa = PBXGroup;
			children = (
				4E52E4D31D8FE45F00C0B890 /* CBBaseFrontTableController.h */,
				4E52E4D41D8FE45F00C0B890 /* CBBaseFrontTableController.m */,
				4E52E4811D8F9D2800C0B890 /* CBBaseFrontViewController.h */,
				4E52E4821D8F9D2800C0B890 /* CBBaseFrontViewController.m */,
				4EE7D9B41D89354000B42C51 /* CBBaseViewController.h */,
				4EE7D9B51D89354000B42C51 /* CBBaseViewController.m */,
			);
			path = Controllers;
			sourceTree = "<group>";
		};
		4E7E8D2B1D910FF300D23362 /* Views */ = {
			isa = PBXGroup;
			children = (
				4EE7D9B71D89356F00B42C51 /* CBBaseUITableCell.h */,
				4EE7D9B81D89356F00B42C51 /* CBBaseUITableCell.m */,
				4EE7D9BA1D894DE800B42C51 /* CBUILabel.h */,
				4EE7D9BB1D894DE800B42C51 /* CBUILabel.m */,
				4E52E48C1D8FB53B00C0B890 /* CBSepratorLine.h */,
				4E52E48D1D8FB53B00C0B890 /* CBSepratorLine.m */,
				4E2A0F271D94E2EF0069836D /* CBBaseCollectionCell.h */,
				4E2A0F281D94E2EF0069836D /* CBBaseCollectionCell.m */,
			);
			path = Views;
			sourceTree = "<group>";
		};
		4E7E8D2F1D91108000D23362 /* My Rides */ = {
			isa = PBXGroup;
			children = (
				4E3B1C761D9BC59F0069ACA0 /* GooglePlacesDemos.xcodeproj */,
				4E7E8D311D9110CE00D23362 /* CBMyRideViewController.h */,
				4E7E8D321D9110CE00D23362 /* CBMyRideViewController.m */,
				4E7E8D341D91111F00D23362 /* CBMyRideCell.h */,
				4E7E8D351D91111F00D23362 /* CBMyRideCell.m */,
			);
			name = "My Rides";
			path = "../Utilty/My Rides";
			sourceTree = "<group>";
		};
		4E7E8D301D91109900D23362 /* MenuModules */ = {
			isa = PBXGroup;
			children = (
				4E75600D1D929DAC00E86D44 /* BookMyRide */,
				4E52E4851D8FA4D600C0B890 /* EmergencyContacts */,
				4E52E48F1D8FB78B00C0B890 /* Offers & Free Rides */,
				4E7E8D2F1D91108000D23362 /* My Rides */,
			);
			name = MenuModules;
			path = CabBooking/MenuModules;
			sourceTree = SOURCE_ROOT;
		};
		4E7EB1DE1D9CDC9200A63FB9 /* Models */ = {
			isa = PBXGroup;
			children = (
				4E7EB1E31D9CDD0500A63FB9 /* CBCarModel.h */,
				4E7EB1E41D9CDD0500A63FB9 /* CBCarModel.m */,
				4E7EB1E61D9CDD1D00A63FB9 /* CBCarCategoryModel.h */,
				4E7EB1E71D9CDD1D00A63FB9 /* CBCarCategoryModel.m */,
				4E7EB1E91D9CDD2D00A63FB9 /* CBMapDataModel.h */,
				4E7EB1EA1D9CDD2D00A63FB9 /* CBMapDataModel.m */,
				4EF8E7981DA4BF6F00169630 /* CBRideCancelReasonModel.h */,
				4EF8E7991DA4BF6F00169630 /* CBRideCancelReasonModel.m */,
				4EF8E79B1DA4DB2E00169630 /* CBAllCabsModel.h */,
				4EF8E79C1DA4DB2E00169630 /* CBAllCabsModel.m */,
			);
			path = Models;
			sourceTree = "<group>";
		};
		4E7EB1DF1D9CDCAE00A63FB9 /* Models */ = {
			isa = PBXGroup;
			children = (
				4E7EB1E01D9CDCC600A63FB9 /* CBBaseModel.h */,
				4E7EB1E11D9CDCC600A63FB9 /* CBBaseModel.m */,
				4EF8E7951DA4BEAD00169630 /* CBErrorModel.h */,
				4EF8E7961DA4BEAD00169630 /* CBErrorModel.m */,
			);
			path = Models;
			sourceTree = "<group>";
		};
		4E7EB1ED1D9CE84600A63FB9 /* NetWorkLayer */ = {
			isa = PBXGroup;
			children = (
				4E7EB1F61D9CF3D000A63FB9 /* IntelliHTTPClient.h */,
				4E7EB1F71D9CF3D000A63FB9 /* IntelliHTTPClient.m */,
				4E7EB1EE1D9CE85300A63FB9 /* ApiNamesConstant.h */,
				4E7EB1EF1D9CE85300A63FB9 /* NetworkParser.h */,
				4E7EB1F01D9CE85300A63FB9 /* NetworkParser.m */,
				4E7EB1F11D9CE85300A63FB9 /* ParameterBundler.h */,
				4E7EB1F21D9CE85300A63FB9 /* ParameterBundler.m */,
				4E7EB1F31D9CE85300A63FB9 /* ServerInfo.h */,
			);
			path = NetWorkLayer;
			sourceTree = "<group>";
		};
		4EE7D97C1D890A5D00B42C51 = {
			isa = PBXGroup;
			children = (
				4EAC9BDD1D93AA930078AEDE /* Testing.xib */,
				4EE7D9871D890A5D00B42C51 /* CabBooking */,
				4EE7D9861D890A5D00B42C51 /* Products */,
				4E37A0B9934276E167678807 /* Pods */,
				0159B186348214BAAE1C50D7 /* Frameworks */,
			);
			sourceTree = "<group>";
		};
		4EE7D9861D890A5D00B42C51 /* Products */ = {
			isa = PBXGroup;
			children = (
				4EE7D9851D890A5D00B42C51 /* CabBooking.app */,
			);
			name = Products;
			sourceTree = "<group>";
		};
		4EE7D9871D890A5D00B42C51 /* CabBooking */ = {
			isa = PBXGroup;
			children = (
				4E7EB1ED1D9CE84600A63FB9 /* NetWorkLayer */,
				4E7E8D301D91109900D23362 /* MenuModules */,
				4EE7D9A61D891ABA00B42C51 /* Menu */,
				4E2A0F211D94CE790069836D /* CustomViews */,
				4E7560031D92392600E86D44 /* GoogleMaps */,
				4E52E4D91D8FE74100C0B890 /* Utilty */,
				4EE7D9BD1D8955C000B42C51 /* Fonts */,
				4EE7D9B31D89352800B42C51 /* BaseClasses */,
				4EE7D9A11D891AA900B42C51 /* ThirdPartyLibs */,
				4EE7D9A01D891A8300B42C51 /* ViewController */,
				4EE7D99F1D891A7000B42C51 /* Appdelegate */,
				4EE7D9911D890A5D00B42C51 /* Main.storyboard */,
				4EE7D9941D890A5D00B42C51 /* Assets.xcassets */,
				4EE7D9961D890A5D00B42C51 /* LaunchScreen.storyboard */,
				4EE7D9991D890A5D00B42C51 /* Info.plist */,
				4EE7D9881D890A5D00B42C51 /* Supporting Files */,
			);
			path = CabBooking;
			sourceTree = "<group>";
		};
		4EE7D9881D890A5D00B42C51 /* Supporting Files */ = {
			isa = PBXGroup;
			children = (
				4EE7D9891D890A5D00B42C51 /* main.m */,
			);
			name = "Supporting Files";
			sourceTree = "<group>";
		};
		4EE7D99F1D891A7000B42C51 /* Appdelegate */ = {
			isa = PBXGroup;
			children = (
				4EE7D98B1D890A5D00B42C51 /* AppDelegate.h */,
				4EE7D98C1D890A5D00B42C51 /* AppDelegate.m */,
			);
			name = Appdelegate;
			sourceTree = "<group>";
		};
		4EE7D9A01D891A8300B42C51 /* ViewController */ = {
			isa = PBXGroup;
			children = (
				4EE7D98E1D890A5D00B42C51 /* ViewController.h */,
				4EE7D98F1D890A5D00B42C51 /* ViewController.m */,
			);
			name = ViewController;
			sourceTree = "<group>";
		};
		4EE7D9A11D891AA900B42C51 /* ThirdPartyLibs */ = {
			isa = PBXGroup;
			children = (
				4EE7D9A21D891AA900B42C51 /* SWRevealViewController */,
			);
			path = ThirdPartyLibs;
			sourceTree = "<group>";
		};
		4EE7D9A21D891AA900B42C51 /* SWRevealViewController */ = {
			isa = PBXGroup;
			children = (
				4EE7D9A31D891AA900B42C51 /* SWRevealViewController.h */,
				4EE7D9A41D891AA900B42C51 /* SWRevealViewController.m */,
			);
			path = SWRevealViewController;
			sourceTree = "<group>";
		};
		4EE7D9A61D891ABA00B42C51 /* Menu */ = {
			isa = PBXGroup;
			children = (
				4EE7D9A71D891ABA00B42C51 /* CBMenuCell.h */,
				4EE7D9A81D891ABA00B42C51 /* CBMenuCell.m */,
				4EE7D9A91D891ABA00B42C51 /* CBMenuViewController.h */,
				4EE7D9AA1D891ABA00B42C51 /* CBMenuViewController.m */,
				4EE7D9B01D8920CA00B42C51 /* CBMenuDrawerHandler.h */,
				4EE7D9B11D8920CA00B42C51 /* CBMenuDrawerHandler.m */,
				4EE7D9C71D895B7200B42C51 /* CBMenuModel.h */,
				4EE7D9C81D895B7200B42C51 /* CBMenuModel.m */,
				4E6ACD491D8A585100827ECB /* CBMenuHeader.h */,
				4E6ACD4A1D8A585100827ECB /* CBMenuHeader.m */,
			);
			path = Menu;
			sourceTree = "<group>";
		};
		4EE7D9B31D89352800B42C51 /* BaseClasses */ = {
			isa = PBXGroup;
			children = (
				4E7EB1DF1D9CDCAE00A63FB9 /* Models */,
				4E7E8D2B1D910FF300D23362 /* Views */,
				4E7E8D2A1D910FD600D23362 /* Controllers */,
			);
			path = BaseClasses;
			sourceTree = "<group>";
		};
		4EE7D9BD1D8955C000B42C51 /* Fonts */ = {
			isa = PBXGroup;
			children = (
				4EE7D9BE1D8955C000B42C51 /* SF-UI-Text-Light.otf */,
				4EE7D9BF1D8955C000B42C51 /* SF-UI-Text-Medium.otf */,
				4EE7D9C01D8955C000B42C51 /* SF-UI-Text-Regular.otf */,
				4EE7D9C11D8955C000B42C51 /* SFUIDisplay-Ultralight.ttf */,
			);
			path = Fonts;
			sourceTree = "<group>";
		};
/* End PBXGroup section */

/* Begin PBXNativeTarget section */
		4EE7D9841D890A5D00B42C51 /* CabBooking */ = {
			isa = PBXNativeTarget;
			buildConfigurationList = 4EE7D99C1D890A5D00B42C51 /* Build configuration list for PBXNativeTarget "CabBooking" */;
			buildPhases = (
				98247411D31CD60963B5FB53 /* [CP] Check Pods Manifest.lock */,
				4EE7D9811D890A5D00B42C51 /* Sources */,
				4EE7D9821D890A5D00B42C51 /* Frameworks */,
				4EE7D9831D890A5D00B42C51 /* Resources */,
				89701CC8625569831D43A5B9 /* [CP] Embed Pods Frameworks */,
				A197A484DB81130340719506 /* [CP] Copy Pods Resources */,
			);
			buildRules = (
			);
			dependencies = (
			);
			name = CabBooking;
			productName = CabBooking;
			productReference = 4EE7D9851D890A5D00B42C51 /* CabBooking.app */;
			productType = "com.apple.product-type.application";
		};
/* End PBXNativeTarget section */

/* Begin PBXProject section */
		4EE7D97D1D890A5D00B42C51 /* Project object */ = {
			isa = PBXProject;
			attributes = {
				CLASSPREFIX = CB;
				LastUpgradeCheck = 0720;
				ORGANIZATIONNAME = Nirma;
				TargetAttributes = {
					4EAC9BDF1D93D8B00078AEDE = {
						CreatedOnToolsVersion = 7.2;
					};
					4EE7D9841D890A5D00B42C51 = {
						CreatedOnToolsVersion = 7.2;
					};
				};
			};
			buildConfigurationList = 4EE7D9801D890A5D00B42C51 /* Build configuration list for PBXProject "CabBooking" */;
			compatibilityVersion = "Xcode 3.2";
			developmentRegion = English;
			hasScannedForEncodings = 0;
			knownRegions = (
				en,
				Base,
			);
			mainGroup = 4EE7D97C1D890A5D00B42C51;
			productRefGroup = 4EE7D9861D890A5D00B42C51 /* Products */;
			projectDirPath = "";
			projectReferences = (
				{
					ProductGroup = 4E3B1C771D9BC59F0069ACA0 /* Products */;
					ProjectRef = 4E3B1C761D9BC59F0069ACA0 /* GooglePlacesDemos.xcodeproj */;
				},
			);
			projectRoot = "";
			targets = (
				4EE7D9841D890A5D00B42C51 /* CabBooking */,
				4EAC9BDF1D93D8B00078AEDE /* CabBookingOClint */,
			);
		};
/* End PBXProject section */

/* Begin PBXReferenceProxy section */
		4E3B1C7B1D9BC59F0069ACA0 /* GooglePlacesDemos.app */ = {
			isa = PBXReferenceProxy;
			fileType = wrapper.application;
			path = GooglePlacesDemos.app;
			remoteRef = 4E3B1C7A1D9BC59F0069ACA0 /* PBXContainerItemProxy */;
			sourceTree = BUILT_PRODUCTS_DIR;
		};
/* End PBXReferenceProxy section */

/* Begin PBXResourcesBuildPhase section */
		4EE7D9831D890A5D00B42C51 /* Resources */ = {
			isa = PBXResourcesBuildPhase;
			buildActionMask = 2147483647;
			files = (
				4EE7D9981D890A5D00B42C51 /* LaunchScreen.storyboard in Resources */,
				4EE7D9951D890A5D00B42C51 /* Assets.xcassets in Resources */,
				4EAC9BDE1D93AA930078AEDE /* Testing.xib in Resources */,
				4EE7D9C41D8955C000B42C51 /* SF-UI-Text-Regular.otf in Resources */,
				4EE7D9C21D8955C000B42C51 /* SF-UI-Text-Light.otf in Resources */,
				4EE7D9C51D8955C000B42C51 /* SFUIDisplay-Ultralight.ttf in Resources */,
				4EE7D9C31D8955C000B42C51 /* SF-UI-Text-Medium.otf in Resources */,
				4EE7D9931D890A5D00B42C51 /* Main.storyboard in Resources */,
			);
			runOnlyForDeploymentPostprocessing = 0;
		};
/* End PBXResourcesBuildPhase section */

/* Begin PBXShellScriptBuildPhase section */
		4EAC9BE31D93D8DF0078AEDE /* ShellScript */ = {
			isa = PBXShellScriptBuildPhase;
			buildActionMask = 2147483647;
			files = (
			);
			inputPaths = (
			);
			outputPaths = (
			);
			runOnlyForDeploymentPostprocessing = 0;
			shellPath = /bin/sh;
			shellScript = "OCLINT_HOME=${SRCROOT}/oclint\nexport PATH=$OCLINT_HOME/bin:$PATH\n\nhash oclint &> /dev/null\nif [ $? -eq 1 ]; then\necho >&2 \"oclint not found, analyzing stopped\"\nexit 1\nfi\n\ncd ${TARGET_TEMP_DIR}\n\nif [ ! -f compile_commands.json ]; then\necho \"[*] compile_commands.json not found, possibly clean was performed\"\necho \"[*] starting xcodebuild to rebuild the project..\"\n# clean previous output\nif [ -f xcodebuild.log ]; then\nrm xcodebuild.log\nfi\n\ncd ${SRCROOT}\n\nxcodebuild clean\n\n#build xcodebuild.log\nxcodebuild | tee ${TARGET_TEMP_DIR}/xcodebuild.log\n#xcodebuild | tee ${TARGET_TEMP_DIR}/xcodebuild.log\n\necho \"[*] transforming xcodebuild.log into compile_commands.json...\"\ncd ${TARGET_TEMP_DIR}\n#transform it into compile_commands.json\noclint-xcodebuild\n\nfi\n\necho \"[*] starting analyzing\"\ncd ${TARGET_TEMP_DIR}\n\noclint-json-compilation-database -v oclint_args \"-report-type html -o $OCLINT_HOME/report.html\" | sed 's/\\(.*\\.\\m\\{1,2\\}:[0-9]*:[0-9]*:\\)/\\1 warning:/'\n";
		};
		89701CC8625569831D43A5B9 /* [CP] Embed Pods Frameworks */ = {
			isa = PBXShellScriptBuildPhase;
			buildActionMask = 2147483647;
			files = (
			);
			inputPaths = (
			);
			name = "[CP] Embed Pods Frameworks";
			outputPaths = (
			);
			runOnlyForDeploymentPostprocessing = 0;
			shellPath = /bin/sh;
			shellScript = "\"${SRCROOT}/Pods/Target Support Files/Pods-CabBooking/Pods-CabBooking-frameworks.sh\"\n";
			showEnvVarsInLog = 0;
		};
		98247411D31CD60963B5FB53 /* [CP] Check Pods Manifest.lock */ = {
			isa = PBXShellScriptBuildPhase;
			buildActionMask = 2147483647;
			files = (
			);
			inputPaths = (
			);
			name = "[CP] Check Pods Manifest.lock";
			outputPaths = (
			);
			runOnlyForDeploymentPostprocessing = 0;
			shellPath = /bin/sh;
			shellScript = "diff \"${PODS_ROOT}/../Podfile.lock\" \"${PODS_ROOT}/Manifest.lock\" > /dev/null\nif [[ $? != 0 ]] ; then\n    cat << EOM\nerror: The sandbox is not in sync with the Podfile.lock. Run 'pod install' or update your CocoaPods installation.\nEOM\n    exit 1\nfi\n";
			showEnvVarsInLog = 0;
		};
		A197A484DB81130340719506 /* [CP] Copy Pods Resources */ = {
			isa = PBXShellScriptBuildPhase;
			buildActionMask = 2147483647;
			files = (
			);
			inputPaths = (
			);
			name = "[CP] Copy Pods Resources";
			outputPaths = (
			);
			runOnlyForDeploymentPostprocessing = 0;
			shellPath = /bin/sh;
			shellScript = "\"${SRCROOT}/Pods/Target Support Files/Pods-CabBooking/Pods-CabBooking-resources.sh\"\n";
			showEnvVarsInLog = 0;
		};
/* End PBXShellScriptBuildPhase section */

/* Begin PBXSourcesBuildPhase section */
		4EE7D9811D890A5D00B42C51 /* Sources */ = {
			isa = PBXSourcesBuildPhase;
			buildActionMask = 2147483647;
			files = (
				4EE7D9B61D89354000B42C51 /* CBBaseViewController.m in Sources */,
				4E2A0F241D94CEAE0069836D /* CBButtonWithLeftImage.m in Sources */,
				4EE7D9AC1D891ABA00B42C51 /* CBMenuViewController.m in Sources */,
				4EE7D9901D890A5D00B42C51 /* ViewController.m in Sources */,
				4EE7D98D1D890A5D00B42C51 /* AppDelegate.m in Sources */,
				4E2A0F291D94E2EF0069836D /* CBBaseCollectionCell.m in Sources */,
				4E7EB1F81D9CF3D000A63FB9 /* IntelliHTTPClient.m in Sources */,
				4E081C291D98D8A400128B29 /* CBButton.m in Sources */,
				4E7E8D361D91111F00D23362 /* CBMyRideCell.m in Sources */,
				4EDBDC231D9A265300DCD2C8 /* CBMapCenterView.m in Sources */,
				4E52E4921D8FB7B500C0B890 /* CBOffersViewController.m in Sources */,
				4E2A0F201D94CA870069836D /* CBDriverDetailView.m in Sources */,
				4E7EB1E21D9CDCC600A63FB9 /* CBBaseModel.m in Sources */,
				4E2A0F2C1D94E3520069836D /* CBCarCategoryCell.m in Sources */,
				4E52E4D81D8FE5B300C0B890 /* CBOffersCell.m in Sources */,
				4EE7D98A1D890A5D00B42C51 /* main.m in Sources */,
				4E7560091D92405800E86D44 /* CBBookMyRideViewController.m in Sources */,
				4E7560061D923FE600E86D44 /* CBMapHandler.m in Sources */,
				4E52E4881D8FA50200C0B890 /* CBEmergencyViewController.m in Sources */,
				4EE7D9B21D8920CA00B42C51 /* CBMenuDrawerHandler.m in Sources */,
				4EE7D9C91D895B7200B42C51 /* CBMenuModel.m in Sources */,
				4E52E48E1D8FB53B00C0B890 /* CBSepratorLine.m in Sources */,
				4E52E4DC1D8FE75400C0B890 /* CBUtility.m in Sources */,
				4E7E8D331D9110CE00D23362 /* CBMyRideViewController.m in Sources */,
				4E7560131D929DFF00E86D44 /* CBBookMyRideFooterView.m in Sources */,
				4E52E48B1D8FAFD400C0B890 /* CBEmeregencyContactCell.m in Sources */,
				4E7EB1E51D9CDD0500A63FB9 /* CBCarModel.m in Sources */,
				4EF8E79D1DA4DB2E00169630 /* CBAllCabsModel.m in Sources */,
				4EE7D9B91D89356F00B42C51 /* CBBaseUITableCell.m in Sources */,
				4E52E4D51D8FE45F00C0B890 /* CBBaseFrontTableController.m in Sources */,
				4E7EB1F51D9CE85300A63FB9 /* ParameterBundler.m in Sources */,
				4E75600C1D927F2400E86D44 /* CBMapView.m in Sources */,
				4E2A0F1D1D94CA770069836D /* CBCarDetailView.m in Sources */,
				4E52E4831D8F9D2800C0B890 /* CBBaseFrontViewController.m in Sources */,
				4E7EB1EB1D9CDD2D00A63FB9 /* CBMapDataModel.m in Sources */,
				4E6ACD4B1D8A585100827ECB /* CBMenuHeader.m in Sources */,
				4EE7D9AB1D891ABA00B42C51 /* CBMenuCell.m in Sources */,
				4EF8E79A1DA4BF6F00169630 /* CBRideCancelReasonModel.m in Sources */,
				4EF8E7971DA4BEAD00169630 /* CBErrorModel.m in Sources */,
				4E7EB1E81D9CDD1D00A63FB9 /* CBCarCategoryModel.m in Sources */,
				4EE7D9A51D891AA900B42C51 /* SWRevealViewController.m in Sources */,
				4EE7D9BC1D894DE800B42C51 /* CBUILabel.m in Sources */,
				4E7EB1F41D9CE85300A63FB9 /* NetworkParser.m in Sources */,
			);
			runOnlyForDeploymentPostprocessing = 0;
		};
/* End PBXSourcesBuildPhase section */

/* Begin PBXVariantGroup section */
		4EE7D9911D890A5D00B42C51 /* Main.storyboard */ = {
			isa = PBXVariantGroup;
			children = (
				4EE7D9921D890A5D00B42C51 /* Base */,
			);
			name = Main.storyboard;
			sourceTree = "<group>";
		};
		4EE7D9961D890A5D00B42C51 /* LaunchScreen.storyboard */ = {
			isa = PBXVariantGroup;
			children = (
				4EE7D9971D890A5D00B42C51 /* Base */,
			);
			name = LaunchScreen.storyboard;
			sourceTree = "<group>";
		};
/* End PBXVariantGroup section */

/* Begin XCBuildConfiguration section */
		4EAC9BE01D93D8B10078AEDE /* Debug */ = {
			isa = XCBuildConfiguration;
			buildSettings = {
				PRODUCT_NAME = "$(TARGET_NAME)";
			};
			name = Debug;
		};
		4EAC9BE11D93D8B10078AEDE /* Release */ = {
			isa = XCBuildConfiguration;
			buildSettings = {
				PRODUCT_NAME = "$(TARGET_NAME)";
			};
			name = Release;
		};
		4EE7D99A1D890A5D00B42C51 /* Debug */ = {
			isa = XCBuildConfiguration;
			buildSettings = {
				ALWAYS_SEARCH_USER_PATHS = NO;
				CLANG_CXX_LANGUAGE_STANDARD = "gnu++0x";
				CLANG_CXX_LIBRARY = "libc++";
				CLANG_ENABLE_MODULES = YES;
				CLANG_ENABLE_OBJC_ARC = YES;
				CLANG_WARN_BOOL_CONVERSION = YES;
				CLANG_WARN_CONSTANT_CONVERSION = YES;
				CLANG_WARN_DIRECT_OBJC_ISA_USAGE = YES_ERROR;
				CLANG_WARN_EMPTY_BODY = YES;
				CLANG_WARN_ENUM_CONVERSION = YES;
				CLANG_WARN_INT_CONVERSION = YES;
				CLANG_WARN_OBJC_ROOT_CLASS = YES_ERROR;
				CLANG_WARN_UNREACHABLE_CODE = YES;
				CLANG_WARN__DUPLICATE_METHOD_MATCH = YES;
				"CODE_SIGN_IDENTITY[sdk=iphoneos*]" = "iPhone Developer";
				COPY_PHASE_STRIP = NO;
				DEBUG_INFORMATION_FORMAT = dwarf;
				ENABLE_STRICT_OBJC_MSGSEND = YES;
				ENABLE_TESTABILITY = YES;
				GCC_C_LANGUAGE_STANDARD = gnu99;
				GCC_DYNAMIC_NO_PIC = NO;
				GCC_NO_COMMON_BLOCKS = YES;
				GCC_OPTIMIZATION_LEVEL = 0;
				GCC_PREPROCESSOR_DEFINITIONS = (
					"DEBUG=1",
					"$(inherited)",
				);
				GCC_WARN_64_TO_32_BIT_CONVERSION = YES;
				GCC_WARN_ABOUT_RETURN_TYPE = YES_ERROR;
				GCC_WARN_UNDECLARED_SELECTOR = YES;
				GCC_WARN_UNINITIALIZED_AUTOS = YES_AGGRESSIVE;
				GCC_WARN_UNUSED_FUNCTION = YES;
				GCC_WARN_UNUSED_VARIABLE = YES;
				IPHONEOS_DEPLOYMENT_TARGET = 9.2;
				MTL_ENABLE_DEBUG_INFO = YES;
				ONLY_ACTIVE_ARCH = YES;
				SDKROOT = iphoneos;
				TARGETED_DEVICE_FAMILY = "1,2";
			};
			name = Debug;
		};
		4EE7D99B1D890A5D00B42C51 /* Release */ = {
			isa = XCBuildConfiguration;
			buildSettings = {
				ALWAYS_SEARCH_USER_PATHS = NO;
				CLANG_CXX_LANGUAGE_STANDARD = "gnu++0x";
				CLANG_CXX_LIBRARY = "libc++";
				CLANG_ENABLE_MODULES = YES;
				CLANG_ENABLE_OBJC_ARC = YES;
				CLANG_WARN_BOOL_CONVERSION = YES;
				CLANG_WARN_CONSTANT_CONVERSION = YES;
				CLANG_WARN_DIRECT_OBJC_ISA_USAGE = YES_ERROR;
				CLANG_WARN_EMPTY_BODY = YES;
				CLANG_WARN_ENUM_CONVERSION = YES;
				CLANG_WARN_INT_CONVERSION = YES;
				CLANG_WARN_OBJC_ROOT_CLASS = YES_ERROR;
				CLANG_WARN_UNREACHABLE_CODE = YES;
				CLANG_WARN__DUPLICATE_METHOD_MATCH = YES;
				"CODE_SIGN_IDENTITY[sdk=iphoneos*]" = "iPhone Developer";
				COPY_PHASE_STRIP = NO;
				DEBUG_INFORMATION_FORMAT = "dwarf-with-dsym";
				ENABLE_NS_ASSERTIONS = NO;
				ENABLE_STRICT_OBJC_MSGSEND = YES;
				GCC_C_LANGUAGE_STANDARD = gnu99;
				GCC_NO_COMMON_BLOCKS = YES;
				GCC_WARN_64_TO_32_BIT_CONVERSION = YES;
				GCC_WARN_ABOUT_RETURN_TYPE = YES_ERROR;
				GCC_WARN_UNDECLARED_SELECTOR = YES;
				GCC_WARN_UNINITIALIZED_AUTOS = YES_AGGRESSIVE;
				GCC_WARN_UNUSED_FUNCTION = YES;
				GCC_WARN_UNUSED_VARIABLE = YES;
				IPHONEOS_DEPLOYMENT_TARGET = 9.2;
				MTL_ENABLE_DEBUG_INFO = NO;
				SDKROOT = iphoneos;
				TARGETED_DEVICE_FAMILY = "1,2";
				VALIDATE_PRODUCT = YES;
			};
			name = Release;
		};
		4EE7D99D1D890A5D00B42C51 /* Debug */ = {
			isa = XCBuildConfiguration;
			baseConfigurationReference = 95635C5A6E76E80B52BFB0C5 /* Pods-CabBooking.debug.xcconfig */;
			buildSettings = {
				ASSETCATALOG_COMPILER_APPICON_NAME = "AppIcon-1";
				INFOPLIST_FILE = CabBooking/Info.plist;
				LD_RUNPATH_SEARCH_PATHS = "$(inherited) @executable_path/Frameworks";
				PRODUCT_BUNDLE_IDENTIFIER = com.intelliswift.cbDemo;
				PRODUCT_NAME = "$(TARGET_NAME)";
			};
			name = Debug;
		};
		4EE7D99E1D890A5D00B42C51 /* Release */ = {
			isa = XCBuildConfiguration;
			baseConfigurationReference = 186944CF157339C6A791E137 /* Pods-CabBooking.release.xcconfig */;
			buildSettings = {
				ASSETCATALOG_COMPILER_APPICON_NAME = "AppIcon-1";
				INFOPLIST_FILE = CabBooking/Info.plist;
				LD_RUNPATH_SEARCH_PATHS = "$(inherited) @executable_path/Frameworks";
				PRODUCT_BUNDLE_IDENTIFIER = com.intelliswift.cbDemo;
				PRODUCT_NAME = "$(TARGET_NAME)";
			};
			name = Release;
		};
/* End XCBuildConfiguration section */

/* Begin XCConfigurationList section */
		4EAC9BE21D93D8B10078AEDE /* Build configuration list for PBXAggregateTarget "CabBookingOClint" */ = {
			isa = XCConfigurationList;
			buildConfigurations = (
				4EAC9BE01D93D8B10078AEDE /* Debug */,
				4EAC9BE11D93D8B10078AEDE /* Release */,
			);
			defaultConfigurationIsVisible = 0;
			defaultConfigurationName = Release;
		};
		4EE7D9801D890A5D00B42C51 /* Build configuration list for PBXProject "CabBooking" */ = {
			isa = XCConfigurationList;
			buildConfigurations = (
				4EE7D99A1D890A5D00B42C51 /* Debug */,
				4EE7D99B1D890A5D00B42C51 /* Release */,
			);
			defaultConfigurationIsVisible = 0;
			defaultConfigurationName = Release;
		};
		4EE7D99C1D890A5D00B42C51 /* Build configuration list for PBXNativeTarget "CabBooking" */ = {
			isa = XCConfigurationList;
			buildConfigurations = (
				4EE7D99D1D890A5D00B42C51 /* Debug */,
				4EE7D99E1D890A5D00B42C51 /* Release */,
			);
			defaultConfigurationIsVisible = 0;
			defaultConfigurationName = Release;
		};
/* End XCConfigurationList section */
	};
	rootObject = 4EE7D97D1D890A5D00B42C51 /* Project object */;
}
